<?xml version="1.0" encoding="utf-8"?>
<Project ToolsVersion="4.0" xmlns="http://schemas.microsoft.com/developer/msbuild/2003">
  <ItemGroup>
    <Filter Include="Source Files">
      <UniqueIdentifier>{4FC737F1-C7A5-4376-A066-2A32D752A2FF}</UniqueIdentifier>
      <Extensions>cpp;c;cc;cxx;def;odl;idl;hpj;bat;asm;asmx</Extensions>
    </Filter>
    <Filter Include="Header Files">
      <UniqueIdentifier>{93995380-89BD-4b04-88EB-625FBE52EBFB}</UniqueIdentifier>
      <Extensions>h;hh;hpp;hxx;hm;inl;inc;ipp;xsd</Extensions>
    </Filter>
    <Filter Include="Resource Files">
      <UniqueIdentifier>{0eee71be-de89-4b4d-945e-5c4d7249c422}</UniqueIdentifier>
    </Filter>
  </ItemGroup>
  <ItemGroup>
    <ClInclude Include="CMealCalculator.h">
      <Filter>Header Files</Filter>
    </ClInclude>
    <ClInclude Include="AbsGui.h">
      <Filter>Header Files</Filter>
    </ClInclude>
    <ClInclude Include="CIngredient.h">
      <Filter>Header Files</Filter>
    </ClInclude>
    <ClInclude Include="CMealCalculatorFrame.h">
      <Filter>Header Files</Filter>
    </ClInclude>
    <ClInclude Include="CMeal.h">
      <Filter>Header Files</Filter>
    </ClInclude>
    <ClInclude Include="CMealNutritionFrame.h">
      <Filter>Header Files</Filter>
    </ClInclude>
    <ClInclude Include="CConfirmationDialog.h">
      <Filter>Header Files</Filter>
    </ClInclude>
    <ClInclude Include="Version.h">
      <Filter>Header Files</Filter>
    </ClInclude>
    <ClInclude Include="resource.h">
      <Filter>Header Files</Filter>
    </ClInclude>
  </ItemGroup>
  <ItemGroup>
    <ClCompile Include="CMealCalculator.cpp">
      <Filter>Source Files</Filter>
    </ClCompile>
    <ClCompile Include="AbsGui.cpp">
      <Filter>Source Files</Filter>
    </ClCompile>
    <ClCompile Include="CIngredient.cpp">
      <Filter>Source Files</Filter>
    </ClCompile>
    <ClCompile Include="CMealCalculatorFrame.cpp">
      <Filter>Source Files</Filter>
    </ClCompile>
    <ClCompile Include="CMeal.cpp">
      <Filter>Source Files</Filter>
    </ClCompile>
    <ClCompile Include="CMealNutritionFrame.cpp">
      <Filter>Source Files</Filter>
    </ClCompile>
    <ClCompile Include="CConfirmationDialog.cpp">
      <Filter>Source Files</Filter>
    </ClCompile>
  </ItemGroup>
  <ItemGroup>
    <Image Include="..\Resources\oven.ico">
      <Filter>Resource Files</Filter>
    </Image>
    <Image Include="icon1.ico">
      <Filter>Resource Files</Filter>
    </Image>
  </ItemGroup>
  <ItemGroup>
    <ResourceCompile Include="Resource.rc">
      <Filter>Resource Files</Filter>
    </ResourceCompile>
  </ItemGroup>
</Project>